
Microsoft Visual Studio Solution File, Format Version 12.00
# Visual Studio 15
VisualStudioVersion = 15.0.28307.1000
MinimumVisualStudioVersion = 10.0.40219.1
Project("{8BC9CEB8-8B4A-11D0-8D11-00A0C91BC942}") = "Call堆栈追踪", "Call堆栈追踪\Call堆栈追踪.vcxproj", "{03154B77-FE8B-4256-86C2-89FDAB62594F}"
EndProject
Global
	GlobalSection(SolutionConfigurationPlatforms) = preSolution
		Debug|x64 = Debug|x64
		Debug|x86 = Debug|x86
		Release|x64 = Release|x64
		Release|x86 = Release|x86
	EndGlobalSection
	GlobalSection(ProjectConfigurationPlatforms) = postSolution
		{03154B77-FE8B-4256-86C2-89FDAB62594F}.Debug|x64.ActiveCfg = Debug|x64
		{03154B77-FE8B-4256-86C2-89FDAB62594F}.Debug|x64.Build.0 = Debug|x64
		{03154B77-FE8B-4256-86C2-89FDAB62594F}.Debug|x86.ActiveCfg = Debug|Win32
		{03154B77-FE8B-4256-86C2-89FDAB62594F}.Debug|x86.Build.0 = Debug|Win32
		{03154B77-FE8B-4256-86C2-89FDAB62594F}.Release|x64.ActiveCfg = Release|x64
		{03154B77-FE8B-4256-86C2-89FDAB62594F}.Release|x64.Build.0 = Release|x64
		{03154B77-FE8B-4256-86C2-89FDAB62594F}.Release|x86.ActiveCfg = Release|Win32
		{03154B77-FE8B-4256-86C2-89FDAB62594F}.Release|x86.Build.0 = Release|Win32
	EndGlobalSection
	GlobalSection(SolutionProperties) = preSolution
		HideSolutionNode = FALSE
	EndGlobalSection
	GlobalSection(ExtensibilityGlobals) = postSolution
		SolutionGuid = {C252D4BD-FA9E-4BDA-9087-33CE3EA1E36A}
	EndGlobalSection
EndGlobal
